
Microsoft Visual Studio Solution File, Format Version 12.00
# Visual Studio 15
VisualStudioVersion = 15.0.27004.2002
MinimumVisualStudioVersion = 10.0.40219.1
Project("{FAE04EC0-301F-11D3-BF4B-00C04F79EFBC}") = "Olympus", "Olympus\Olympus.csproj", "{0EEC07F1-79E3-4E17-9BC8-8D8A4D99853C}"
EndProject
Project("{FAE04EC0-301F-11D3-BF4B-00C04F79EFBC}") = "Olympus.Tests", "Olympus.Tests\Olympus.Tests.csproj", "{798F0A60-61A5-4DF1-B034-30C2DE5AEEB4}"
EndProject
Global
	GlobalSection(SolutionConfigurationPlatforms) = preSolution
		Debug|Any CPU = Debug|Any CPU
		Release|Any CPU = Release|Any CPU
	EndGlobalSection
	GlobalSection(ProjectConfigurationPlatforms) = postSolution
		{0EEC07F1-79E3-4E17-9BC8-8D8A4D99853C}.Debug|Any CPU.ActiveCfg = Debug|Any CPU
		{0EEC07F1-79E3-4E17-9BC8-8D8A4D99853C}.Debug|Any CPU.Build.0 = Debug|Any CPU
		{0EEC07F1-79E3-4E17-9BC8-8D8A4D99853C}.Release|Any CPU.ActiveCfg = Release|Any CPU
		{0EEC07F1-79E3-4E17-9BC8-8D8A4D99853C}.Release|Any CPU.Build.0 = Release|Any CPU
		{798F0A60-61A5-4DF1-B034-30C2DE5AEEB4}.Debug|Any CPU.ActiveCfg = Debug|Any CPU
		{798F0A60-61A5-4DF1-B034-30C2DE5AEEB4}.Debug|Any CPU.Build.0 = Debug|Any CPU
		{798F0A60-61A5-4DF1-B034-30C2DE5AEEB4}.Release|Any CPU.ActiveCfg = Release|Any CPU
		{798F0A60-61A5-4DF1-B034-30C2DE5AEEB4}.Release|Any CPU.Build.0 = Release|Any CPU
	EndGlobalSection
	GlobalSection(SolutionProperties) = preSolution
		HideSolutionNode = FALSE
	EndGlobalSection
	GlobalSection(ExtensibilityGlobals) = postSolution
		SolutionGuid = {A6445C4B-6D96-450F-8A8D-FD145C945CE8}
	EndGlobalSection
EndGlobal
